
Microsoft Visual Studio Solution File, Format Version 12.00
# Visual Studio Version 17
VisualStudioVersion = 17.11.35208.52
MinimumVisualStudioVersion = 10.0.40219.1
Project("{FAE04EC0-301F-11D3-BF4B-00C04F79EFBC}") = "eTicket", "eTicket\eTicket.csproj", "{582D3BA7-5841-4C0F-8B9A-2E31E6DAA5A6}"
EndProject
Global
	GlobalSection(SolutionConfigurationPlatforms) = preSolution
		Debug|Any CPU = Debug|Any CPU
		Release|Any CPU = Release|Any CPU
	EndGlobalSection
	GlobalSection(ProjectConfigurationPlatforms) = postSolution
		{582D3BA7-5841-4C0F-8B9A-2E31E6DAA5A6}.Debug|Any CPU.ActiveCfg = Debug|Any CPU
		{582D3BA7-5841-4C0F-8B9A-2E31E6DAA5A6}.Debug|Any CPU.Build.0 = Debug|Any CPU
		{582D3BA7-5841-4C0F-8B9A-2E31E6DAA5A6}.Release|Any CPU.ActiveCfg = Release|Any CPU
		{582D3BA7-5841-4C0F-8B9A-2E31E6DAA5A6}.Release|Any CPU.Build.0 = Release|Any CPU
	EndGlobalSection
	GlobalSection(SolutionProperties) = preSolution
		HideSolutionNode = FALSE
	EndGlobalSection
	GlobalSection(ExtensibilityGlobals) = postSolution
		SolutionGuid = {79D2AC06-0B87-4C7D-9ED5-51BC8E850240}
	EndGlobalSection
EndGlobal
